// !$*UTF8*$!
{
	archiveVersion = 1;
	classes = {
	};
	objectVersion = 46;
	objects = {

/* Begin PBXBuildFile section */
		2B59DC2AC6D533397E5CE8F3 /* libPods-RandomdrawUITests.a in Frameworks */ = {isa = PBXBuildFile; fileRef = FB0E0FCE23E6B4EC6F19AB40 /* libPods-RandomdrawUITests.a */; };
		6CF66707202AA3D200B1EBC9 /* main.m in Sources */ = {isa = PBXBuildFile; fileRef = 6CF66706202AA3D200B1EBC9 /* main.m */; };
		6CF6670A202AA3D200B1EBC9 /* AppDelegate.m in Sources */ = {isa = PBXBuildFile; fileRef = 6CF66709202AA3D200B1EBC9 /* AppDelegate.m */; };
		6CF6670D202AA3D200B1EBC9 /* ViewController.m in Sources */ = {isa = PBXBuildFile; fileRef = 6CF6670C202AA3D200B1EBC9 /* ViewController.m */; };
		6CF66710202AA3D200B1EBC9 /* Main.storyboard in Resources */ = {isa = PBXBuildFile; fileRef = 6CF6670E202AA3D200B1EBC9 /* Main.storyboard */; };
		6CF66712202AA3D200B1EBC9 /* Assets.xcassets in Resources */ = {isa = PBXBuildFile; fileRef = 6CF66711202AA3D200B1EBC9 /* Assets.xcassets */; };
		6CF66715202AA3D200B1EBC9 /* LaunchScreen.storyboard in Resources */ = {isa = PBXBuildFile; fileRef = 6CF66713202AA3D200B1EBC9 /* LaunchScreen.storyboard */; };
		6CF66720202AA3D200B1EBC9 /* RandomdrawTests.m in Sources */ = {isa = PBXBuildFile; fileRef = 6CF6671F202AA3D200B1EBC9 /* RandomdrawTests.m */; };
		6CF6672B202AA3D200B1EBC9 /* RandomdrawUITests.m in Sources */ = {isa = PBXBuildFile; fileRef = 6CF6672A202AA3D200B1EBC9 /* RandomdrawUITests.m */; };
		904FFE8102D55EA0FA1AE48F /* libPods-Randomdraw.a in Frameworks */ = {isa = PBXBuildFile; fileRef = C6C1F6550437A6D2AAF5230F /* libPods-Randomdraw.a */; };
		BF44FF04D4004DC7D8E10201 /* libPods-RandomdrawTests.a in Frameworks */ = {isa = PBXBuildFile; fileRef = 2BED6FD00C5B6B6880767BB4 /* libPods-RandomdrawTests.a */; };
/* End PBXBuildFile section */

/* Begin PBXContainerItemProxy section */
		6CF6671C202AA3D200B1EBC9 /* PBXContainerItemProxy */ = {
			isa = PBXContainerItemProxy;
			containerPortal = 6CF666FA202AA3D200B1EBC9 /* Project object */;
			proxyType = 1;
			remoteGlobalIDString = 6CF66701202AA3D200B1EBC9;
			remoteInfo = Randomdraw;
		};
		6CF66727202AA3D200B1EBC9 /* PBXContainerItemProxy */ = {
			isa = PBXContainerItemProxy;
			containerPortal = 6CF666FA202AA3D200B1EBC9 /* Project object */;
			proxyType = 1;
			remoteGlobalIDString = 6CF66701202AA3D200B1EBC9;
			remoteInfo = Randomdraw;
		};
/* End PBXContainerItemProxy section */

/* Begin PBXFileReference section */
		2BED6FD00C5B6B6880767BB4 /* libPods-RandomdrawTests.a */ = {isa = PBXFileReference; explicitFileType = archive.ar; includeInIndex = 0; path = "libPods-RandomdrawTests.a"; sourceTree = BUILT_PRODUCTS_DIR; };
		42A8418FF6219A93EBA11FE0 /* Pods-RandomdrawUITests.debug.xcconfig */ = {isa = PBXFileReference; includeInIndex = 1; lastKnownFileType = text.xcconfig; name = "Pods-RandomdrawUITests.debug.xcconfig"; path = "Pods/Target Support Files/Pods-RandomdrawUITests/Pods-RandomdrawUITests.debug.xcconfig"; sourceTree = "<group>"; };
		6CF66702202AA3D200B1EBC9 /* Randomdraw.app */ = {isa = PBXFileReference; explicitFileType = wrapper.application; includeInIndex = 0; path = Randomdraw.app; sourceTree = BUILT_PRODUCTS_DIR; };
		6CF66706202AA3D200B1EBC9 /* main.m */ = {isa = PBXFileReference; lastKnownFileType = sourcecode.c.objc; path = main.m; sourceTree = "<group>"; };
		6CF66708202AA3D200B1EBC9 /* AppDelegate.h */ = {isa = PBXFileReference; lastKnownFileType = sourcecode.c.h; path = AppDelegate.h; sourceTree = "<group>"; };
		6CF66709202AA3D200B1EBC9 /* AppDelegate.m */ = {isa = PBXFileReference; lastKnownFileType = sourcecode.c.objc; path = AppDelegate.m; sourceTree = "<group>"; };
		6CF6670B202AA3D200B1EBC9 /* ViewController.h */ = {isa = PBXFileReference; lastKnownFileType = sourcecode.c.h; path = ViewController.h; sourceTree = "<group>"; };
		6CF6670C202AA3D200B1EBC9 /* ViewController.m */ = {isa = PBXFileReference; lastKnownFileType = sourcecode.c.objc; path = ViewController.m; sourceTree = "<group>"; };
		6CF6670F202AA3D200B1EBC9 /* Base */ = {isa = PBXFileReference; lastKnownFileType = file.storyboard; name = Base; path = Base.lproj/Main.storyboard; sourceTree = "<group>"; };
		6CF66711202AA3D200B1EBC9 /* Assets.xcassets */ = {isa = PBXFileReference; lastKnownFileType = folder.assetcatalog; path = Assets.xcassets; sourceTree = "<group>"; };
		6CF66714202AA3D200B1EBC9 /* Base */ = {isa = PBXFileReference; lastKnownFileType = file.storyboard; name = Base; path = Base.lproj/LaunchScreen.storyboard; sourceTree = "<group>"; };
		6CF66716202AA3D200B1EBC9 /* Info.plist */ = {isa = PBXFileReference; lastKnownFileType = text.plist.xml; path = Info.plist; sourceTree = "<group>"; };
		6CF6671B202AA3D200B1EBC9 /* RandomdrawTests.xctest */ = {isa = PBXFileReference; explicitFileType = wrapper.cfbundle; includeInIndex = 0; path = RandomdrawTests.xctest; sourceTree = BUILT_PRODUCTS_DIR; };
		6CF6671F202AA3D200B1EBC9 /* RandomdrawTests.m */ = {isa = PBXFileReference; lastKnownFileType = sourcecode.c.objc; path = RandomdrawTests.m; sourceTree = "<group>"; };
		6CF66721202AA3D200B1EBC9 /* Info.plist */ = {isa = PBXFileReference; lastKnownFileType = text.plist.xml; path = Info.plist; sourceTree = "<group>"; };
		6CF66726202AA3D200B1EBC9 /* RandomdrawUITests.xctest */ = {isa = PBXFileReference; explicitFileType = wrapper.cfbundle; includeInIndex = 0; path = RandomdrawUITests.xctest; sourceTree = BUILT_PRODUCTS_DIR; };
		6CF6672A202AA3D200B1EBC9 /* RandomdrawUITests.m */ = {isa = PBXFileReference; lastKnownFileType = sourcecode.c.objc; path = RandomdrawUITests.m; sourceTree = "<group>"; };
		6CF6672C202AA3D200B1EBC9 /* Info.plist */ = {isa = PBXFileReference; lastKnownFileType = text.plist.xml; path = Info.plist; sourceTree = "<group>"; };
		8699B267AD9669F3F11C967E /* Pods-RandomdrawTests.debug.xcconfig */ = {isa = PBXFileReference; includeInIndex = 1; lastKnownFileType = text.xcconfig; name = "Pods-RandomdrawTests.debug.xcconfig"; path = "Pods/Target Support Files/Pods-RandomdrawTests/Pods-RandomdrawTests.debug.xcconfig"; sourceTree = "<group>"; };
		AFFD8AB556BCA2258162F950 /* Pods-Randomdraw.debug.xcconfig */ = {isa = PBXFileReference; includeInIndex = 1; lastKnownFileType = text.xcconfig; name = "Pods-Randomdraw.debug.xcconfig"; path = "Pods/Target Support Files/Pods-Randomdraw/Pods-Randomdraw.debug.xcconfig"; sourceTree = "<group>"; };
		C01856F88E074CD74B3A0E26 /* Pods-Randomdraw.release.xcconfig */ = {isa = PBXFileReference; includeInIndex = 1; lastKnownFileType = text.xcconfig; name = "Pods-Randomdraw.release.xcconfig"; path = "Pods/Target Support Files/Pods-Randomdraw/Pods-Randomdraw.release.xcconfig"; sourceTree = "<group>"; };
		C6C1F6550437A6D2AAF5230F /* libPods-Randomdraw.a */ = {isa = PBXFileReference; explicitFileType = archive.ar; includeInIndex = 0; path = "libPods-Randomdraw.a"; sourceTree = BUILT_PRODUCTS_DIR; };
		E82E50846D7CEA533C12ABE0 /* Pods-RandomdrawTests.release.xcconfig */ = {isa = PBXFileReference; includeInIndex = 1; lastKnownFileType = text.xcconfig; name = "Pods-RandomdrawTests.release.xcconfig"; path = "Pods/Target Support Files/Pods-RandomdrawTests/Pods-RandomdrawTests.release.xcconfig"; sourceTree = "<group>"; };
		FACAEBF3549D43EF6CB04CE3 /* Pods-RandomdrawUITests.release.xcconfig */ = {isa = PBXFileReference; includeInIndex = 1; lastKnownFileType = text.xcconfig; name = "Pods-RandomdrawUITests.release.xcconfig"; path = "Pods/Target Support Files/Pods-RandomdrawUITests/Pods-RandomdrawUITests.release.xcconfig"; sourceTree = "<group>"; };
		FB0E0FCE23E6B4EC6F19AB40 /* libPods-RandomdrawUITests.a */ = {isa = PBXFileReference; explicitFileType = archive.ar; includeInIndex = 0; path = "libPods-RandomdrawUITests.a"; sourceTree = BUILT_PRODUCTS_DIR; };
/* End PBXFileReference section */

/* Begin PBXFrameworksBuildPhase section */
		6CF666FF202AA3D200B1EBC9 /* Frameworks */ = {
			isa = PBXFrameworksBuildPhase;
			buildActionMask = 2147483647;
			files = (
				904FFE8102D55EA0FA1AE48F /* libPods-Randomdraw.a in Frameworks */,
			);
			runOnlyForDeploymentPostprocessing = 0;
		};
		6CF66718202AA3D200B1EBC9 /* Frameworks */ = {
			isa = PBXFrameworksBuildPhase;
			buildActionMask = 2147483647;
			files = (
				BF44FF04D4004DC7D8E10201 /* libPods-RandomdrawTests.a in Frameworks */,
			);
			runOnlyForDeploymentPostprocessing = 0;
		};
		6CF66723202AA3D200B1EBC9 /* Frameworks */ = {
			isa = PBXFrameworksBuildPhase;
			buildActionMask = 2147483647;
			files = (
				2B59DC2AC6D533397E5CE8F3 /* libPods-RandomdrawUITests.a in Frameworks */,
			);
			runOnlyForDeploymentPostprocessing = 0;
		};
/* End PBXFrameworksBuildPhase section */

/* Begin PBXGroup section */
		0F8497BE9EE2FA75E42092EB /* Pods */ = {
			isa = PBXGroup;
			children = (
				AFFD8AB556BCA2258162F950 /* Pods-Randomdraw.debug.xcconfig */,
				C01856F88E074CD74B3A0E26 /* Pods-Randomdraw.release.xcconfig */,
				8699B267AD9669F3F11C967E /* Pods-RandomdrawTests.debug.xcconfig */,
				E82E50846D7CEA533C12ABE0 /* Pods-RandomdrawTests.release.xcconfig */,
				42A8418FF6219A93EBA11FE0 /* Pods-RandomdrawUITests.debug.xcconfig */,
				FACAEBF3549D43EF6CB04CE3 /* Pods-RandomdrawUITests.release.xcconfig */,
			);
			name = Pods;
			sourceTree = "<group>";
		};
		3048705F98FCF7020A7FC767 /* Frameworks */ = {
			isa = PBXGroup;
			children = (
				C6C1F6550437A6D2AAF5230F /* libPods-Randomdraw.a */,
				2BED6FD00C5B6B6880767BB4 /* libPods-RandomdrawTests.a */,
				FB0E0FCE23E6B4EC6F19AB40 /* libPods-RandomdrawUITests.a */,
			);
			name = Frameworks;
			sourceTree = "<group>";
		};
		6CF666F9202AA3D200B1EBC9 = {
			isa = PBXGroup;
			children = (
				6CF66704202AA3D200B1EBC9 /* Randomdraw */,
				6CF6671E202AA3D200B1EBC9 /* RandomdrawTests */,
				6CF66729202AA3D200B1EBC9 /* RandomdrawUITests */,
				6CF66703202AA3D200B1EBC9 /* Products */,
				0F8497BE9EE2FA75E42092EB /* Pods */,
				3048705F98FCF7020A7FC767 /* Frameworks */,
			);
			sourceTree = "<group>";
		};
		6CF66703202AA3D200B1EBC9 /* Products */ = {
			isa = PBXGroup;
			children = (
				6CF66702202AA3D200B1EBC9 /* Randomdraw.app */,
				6CF6671B202AA3D200B1EBC9 /* RandomdrawTests.xctest */,
				6CF66726202AA3D200B1EBC9 /* RandomdrawUITests.xctest */,
			);
			name = Products;
			sourceTree = "<group>";
		};
		6CF66704202AA3D200B1EBC9 /* Randomdraw */ = {
			isa = PBXGroup;
			children = (
				6CF66708202AA3D200B1EBC9 /* AppDelegate.h */,
				6CF66709202AA3D200B1EBC9 /* AppDelegate.m */,
				6CF6670B202AA3D200B1EBC9 /* ViewController.h */,
				6CF6670C202AA3D200B1EBC9 /* ViewController.m */,
				6CF6670E202AA3D200B1EBC9 /* Main.storyboard */,
				6CF66711202AA3D200B1EBC9 /* Assets.xcassets */,
				6CF66713202AA3D200B1EBC9 /* LaunchScreen.storyboard */,
				6CF66716202AA3D200B1EBC9 /* Info.plist */,
				6CF66705202AA3D200B1EBC9 /* Supporting Files */,
			);
			path = Randomdraw;
			sourceTree = "<group>";
		};
		6CF66705202AA3D200B1EBC9 /* Supporting Files */ = {
			isa = PBXGroup;
			children = (
				6CF66706202AA3D200B1EBC9 /* main.m */,
			);
			name = "Supporting Files";
			sourceTree = "<group>";
		};
		6CF6671E202AA3D200B1EBC9 /* RandomdrawTests */ = {
			isa = PBXGroup;
			children = (
				6CF6671F202AA3D200B1EBC9 /* RandomdrawTests.m */,
				6CF66721202AA3D200B1EBC9 /* Info.plist */,
			);
			path = RandomdrawTests;
			sourceTree = "<group>";
		};
		6CF66729202AA3D200B1EBC9 /* RandomdrawUITests */ = {
			isa = PBXGroup;
			children = (
				6CF6672A202AA3D200B1EBC9 /* RandomdrawUITests.m */,
				6CF6672C202AA3D200B1EBC9 /* Info.plist */,
			);
			path = RandomdrawUITests;
			sourceTree = "<group>";
		};
/* End PBXGroup section */

/* Begin PBXNativeTarget section */
		6CF66701202AA3D200B1EBC9 /* Randomdraw */ = {
			isa = PBXNativeTarget;
			buildConfigurationList = 6CF6672F202AA3D200B1EBC9 /* Build configuration list for PBXNativeTarget "Randomdraw" */;
			buildPhases = (
				5F5E4DD94FE4C5D0B4A7FE2B /* [CP] Check Pods Manifest.lock */,
				6CF666FE202AA3D200B1EBC9 /* Sources */,
				6CF666FF202AA3D200B1EBC9 /* Frameworks */,
				6CF66700202AA3D200B1EBC9 /* Resources */,
				DADDE7A44F812835592E1608 /* [CP] Embed Pods Frameworks */,
				1126E9C492A9A0D86D900378 /* [CP] Copy Pods Resources */,
			);
			buildRules = (
			);
			dependencies = (
			);
			name = Randomdraw;
			productName = Randomdraw;
			productReference = 6CF66702202AA3D200B1EBC9 /* Randomdraw.app */;
			productType = "com.apple.product-type.application";
		};
		6CF6671A202AA3D200B1EBC9 /* RandomdrawTests */ = {
			isa = PBXNativeTarget;
			buildConfigurationList = 6CF66732202AA3D200B1EBC9 /* Build configuration list for PBXNativeTarget "RandomdrawTests" */;
			buildPhases = (
				C1B9929AF686FCF1437DAAD3 /* [CP] Check Pods Manifest.lock */,
				6CF66717202AA3D200B1EBC9 /* Sources */,
				6CF66718202AA3D200B1EBC9 /* Frameworks */,
				6CF66719202AA3D200B1EBC9 /* Resources */,
				52BC63A51EF79CC7F273D88F /* [CP] Embed Pods Frameworks */,
				517C6CA1D5F1229CE8A6BBAB /* [CP] Copy Pods Resources */,
			);
			buildRules = (
			);
			dependencies = (
				6CF6671D202AA3D200B1EBC9 /* PBXTargetDependency */,
			);
			name = RandomdrawTests;
			productName = RandomdrawTests;
			productReference = 6CF6671B202AA3D200B1EBC9 /* RandomdrawTests.xctest */;
			productType = "com.apple.product-type.bundle.unit-test";
		};
		6CF66725202AA3D200B1EBC9 /* RandomdrawUITests */ = {
			isa = PBXNativeTarget;
			buildConfigurationList = 6CF66735202AA3D200B1EBC9 /* Build configuration list for PBXNativeTarget "RandomdrawUITests" */;
			buildPhases = (
				0D7B3604D47BB17776723F63 /* [CP] Check Pods Manifest.lock */,
				6CF66722202AA3D200B1EBC9 /* Sources */,
				6CF66723202AA3D200B1EBC9 /* Frameworks */,
				6CF66724202AA3D200B1EBC9 /* Resources */,
				DB387A17F6906A7E4BB3C264 /* [CP] Embed Pods Frameworks */,
				15A93F4C3286E52EBE84695D /* [CP] Copy Pods Resources */,
			);
			buildRules = (
			);
			dependencies = (
				6CF66728202AA3D200B1EBC9 /* PBXTargetDependency */,
			);
			name = RandomdrawUITests;
			productName = RandomdrawUITests;
			productReference = 6CF66726202AA3D200B1EBC9 /* RandomdrawUITests.xctest */;
			productType = "com.apple.product-type.bundle.ui-testing";
		};
/* End PBXNativeTarget section */

/* Begin PBXProject section */
		6CF666FA202AA3D200B1EBC9 /* Project object */ = {
			isa = PBXProject;
			attributes = {
				LastUpgradeCheck = 0830;
				ORGANIZATIONNAME = zhb;
				TargetAttributes = {
					6CF66701202AA3D200B1EBC9 = {
						CreatedOnToolsVersion = 8.3.3;
						DevelopmentTeam = FUM9FP898F;
						ProvisioningStyle = Automatic;
					};
					6CF6671A202AA3D200B1EBC9 = {
						CreatedOnToolsVersion = 8.3.3;
						ProvisioningStyle = Automatic;
						TestTargetID = 6CF66701202AA3D200B1EBC9;
					};
					6CF66725202AA3D200B1EBC9 = {
						CreatedOnToolsVersion = 8.3.3;
						ProvisioningStyle = Automatic;
						TestTargetID = 6CF66701202AA3D200B1EBC9;
					};
				};
			};
			buildConfigurationList = 6CF666FD202AA3D200B1EBC9 /* Build configuration list for PBXProject "Randomdraw" */;
			compatibilityVersion = "Xcode 3.2";
			developmentRegion = English;
			hasScannedForEncodings = 0;
			knownRegions = (
				en,
				Base,
			);
			mainGroup = 6CF666F9202AA3D200B1EBC9;
			productRefGroup = 6CF66703202AA3D200B1EBC9 /* Products */;
			projectDirPath = "";
			projectRoot = "";
			targets = (
				6CF66701202AA3D200B1EBC9 /* Randomdraw */,
				6CF6671A202AA3D200B1EBC9 /* RandomdrawTests */,
				6CF66725202AA3D200B1EBC9 /* RandomdrawUITests */,
			);
		};
/* End PBXProject section */

/* Begin PBXResourcesBuildPhase section */
		6CF66700202AA3D200B1EBC9 /* Resources */ = {
			isa = PBXResourcesBuildPhase;
			buildActionMask = 2147483647;
			files = (
				6CF66715202AA3D200B1EBC9 /* LaunchScreen.storyboard in Resources */,
				6CF66712202AA3D200B1EBC9 /* Assets.xcassets in Resources */,
				6CF66710202AA3D200B1EBC9 /* Main.storyboard in Resources */,
			);
			runOnlyForDeploymentPostprocessing = 0;
		};
		6CF66719202AA3D200B1EBC9 /* Resources */ = {
			isa = PBXResourcesBuildPhase;
			buildActionMask = 2147483647;
			files = (
			);
			runOnlyForDeploymentPostprocessing = 0;
		};
		6CF66724202AA3D200B1EBC9 /* Resources */ = {
			isa = PBXResourcesBuildPhase;
			buildActionMask = 2147483647;
			files = (
			);
			runOnlyForDeploymentPostprocessing = 0;
		};
/* End PBXResourcesBuildPhase section */

/* Begin PBXShellScriptBuildPhase section */
		0D7B3604D47BB17776723F63 /* [CP] Check Pods Manifest.lock */ = {
			isa = PBXShellScriptBuildPhase;
			buildActionMask = 2147483647;
			files = (
			);
			inputPaths = (
				"${PODS_PODFILE_DIR_PATH}/Podfile.lock",
				"${PODS_ROOT}/Manifest.lock",
			);
			name = "[CP] Check Pods Manifest.lock";
			outputPaths = (
				"$(DERIVED_FILE_DIR)/Pods-RandomdrawUITests-checkManifestLockResult.txt",
			);
			runOnlyForDeploymentPostprocessing = 0;
			shellPath = /bin/sh;
			shellScript = "diff \"${PODS_PODFILE_DIR_PATH}/Podfile.lock\" \"${PODS_ROOT}/Manifest.lock\" > /dev/null\nif [ $? != 0 ] ; then\n    # print error to STDERR\n    echo \"error: The sandbox is not in sync with the Podfile.lock. Run 'pod install' or update your CocoaPods installation.\" >&2\n    exit 1\nfi\n# This output is used by Xcode 'outputs' to avoid re-running this script phase.\necho \"SUCCESS\" > \"${SCRIPT_OUTPUT_FILE_0}\"\n";
			showEnvVarsInLog = 0;
		};
		1126E9C492A9A0D86D900378 /* [CP] Copy Pods Resources */ = {
			isa = PBXShellScriptBuildPhase;
			buildActionMask = 2147483647;
			files = (
			);
			inputPaths = (
			);
			name = "[CP] Copy Pods Resources";
			outputPaths = (
			);
			runOnlyForDeploymentPostprocessing = 0;
			shellPath = /bin/sh;
			shellScript = "\"${SRCROOT}/Pods/Target Support Files/Pods-Randomdraw/Pods-Randomdraw-resources.sh\"\n";
			showEnvVarsInLog = 0;
		};
		15A93F4C3286E52EBE84695D /* [CP] Copy Pods Resources */ = {
			isa = PBXShellScriptBuildPhase;
			buildActionMask = 2147483647;
			files = (
			);
			inputPaths = (
			);
			name = "[CP] Copy Pods Resources";
			outputPaths = (
			);
			runOnlyForDeploymentPostprocessing = 0;
			shellPath = /bin/sh;
			shellScript = "\"${SRCROOT}/Pods/Target Support Files/Pods-RandomdrawUITests/Pods-RandomdrawUITests-resources.sh\"\n";
			showEnvVarsInLog = 0;
		};
		517C6CA1D5F1229CE8A6BBAB /* [CP] Copy Pods Resources */ = {
			isa = PBXShellScriptBuildPhase;
			buildActionMask = 2147483647;
			files = (
			);
			inputPaths = (
			);
			name = "[CP] Copy Pods Resources";
			outputPaths = (
			);
			runOnlyForDeploymentPostprocessing = 0;
			shellPath = /bin/sh;
			shellScript = "\"${SRCROOT}/Pods/Target Support Files/Pods-RandomdrawTests/Pods-RandomdrawTests-resources.sh\"\n";
			showEnvVarsInLog = 0;
		};
		52BC63A51EF79CC7F273D88F /* [CP] Embed Pods Frameworks */ = {
			isa = PBXShellScriptBuildPhase;
			buildActionMask = 2147483647;
			files = (
			);
			inputPaths = (
			);
			name = "[CP] Embed Pods Frameworks";
			outputPaths = (
			);
			runOnlyForDeploymentPostprocessing = 0;
			shellPath = /bin/sh;
			shellScript = "\"${SRCROOT}/Pods/Target Support Files/Pods-RandomdrawTests/Pods-RandomdrawTests-frameworks.sh\"\n";
			showEnvVarsInLog = 0;
		};
		5F5E4DD94FE4C5D0B4A7FE2B /* [CP] Check Pods Manifest.lock */ = {
			isa = PBXShellScriptBuildPhase;
			buildActionMask = 2147483647;
			files = (
			);
			inputPaths = (
				"${PODS_PODFILE_DIR_PATH}/Podfile.lock",
				"${PODS_ROOT}/Manifest.lock",
			);
			name = "[CP] Check Pods Manifest.lock";
			outputPaths = (
				"$(DERIVED_FILE_DIR)/Pods-Randomdraw-checkManifestLockResult.txt",
			);
			runOnlyForDeploymentPostprocessing = 0;
			shellPath = /bin/sh;
			shellScript = "diff \"${PODS_PODFILE_DIR_PATH}/Podfile.lock\" \"${PODS_ROOT}/Manifest.lock\" > /dev/null\nif [ $? != 0 ] ; then\n    # print error to STDERR\n    echo \"error: The sandbox is not in sync with the Podfile.lock. Run 'pod install' or update your CocoaPods installation.\" >&2\n    exit 1\nfi\n# This output is used by Xcode 'outputs' to avoid re-running this script phase.\necho \"SUCCESS\" > \"${SCRIPT_OUTPUT_FILE_0}\"\n";
			showEnvVarsInLog = 0;
		};
		C1B9929AF686FCF1437DAAD3 /* [CP] Check Pods Manifest.lock */ = {
			isa = PBXShellScriptBuildPhase;
			buildActionMask = 2147483647;
			files = (
			);
			inputPaths = (
				"${PODS_PODFILE_DIR_PATH}/Podfile.lock",
				"${PODS_ROOT}/Manifest.lock",
			);
			name = "[CP] Check Pods Manifest.lock";
			outputPaths = (
				"$(DERIVED_FILE_DIR)/Pods-RandomdrawTests-checkManifestLockResult.txt",
			);
			runOnlyForDeploymentPostprocessing = 0;
			shellPath = /bin/sh;
			shellScript = "diff \"${PODS_PODFILE_DIR_PATH}/Podfile.lock\" \"${PODS_ROOT}/Manifest.lock\" > /dev/null\nif [ $? != 0 ] ; then\n    # print error to STDERR\n    echo \"error: The sandbox is not in sync with the Podfile.lock. Run 'pod install' or update your CocoaPods installation.\" >&2\n    exit 1\nfi\n# This output is used by Xcode 'outputs' to avoid re-running this script phase.\necho \"SUCCESS\" > \"${SCRIPT_OUTPUT_FILE_0}\"\n";
			showEnvVarsInLog = 0;
		};
		DADDE7A44F812835592E1608 /* [CP] Embed Pods Frameworks */ = {
			isa = PBXShellScriptBuildPhase;
			buildActionMask = 2147483647;
			files = (
			);
			inputPaths = (
			);
			name = "[CP] Embed Pods Frameworks";
			outputPaths = (
			);
			runOnlyForDeploymentPostprocessing = 0;
			shellPath = /bin/sh;
			shellScript = "\"${SRCROOT}/Pods/Target Support Files/Pods-Randomdraw/Pods-Randomdraw-frameworks.sh\"\n";
			showEnvVarsInLog = 0;
		};
		DB387A17F6906A7E4BB3C264 /* [CP] Embed Pods Frameworks */ = {
			isa = PBXShellScriptBuildPhase;
			buildActionMask = 2147483647;
			files = (
			);
			inputPaths = (
			);
			name = "[CP] Embed Pods Frameworks";
			outputPaths = (
			);
			runOnlyForDeploymentPostprocessing = 0;
			shellPath = /bin/sh;
			shellScript = "\"${SRCROOT}/Pods/Target Support Files/Pods-RandomdrawUITests/Pods-RandomdrawUITests-frameworks.sh\"\n";
			showEnvVarsInLog = 0;
		};
/* End PBXShellScriptBuildPhase section */

/* Begin PBXSourcesBuildPhase section */
		6CF666FE202AA3D200B1EBC9 /* Sources */ = {
			isa = PBXSourcesBuildPhase;
			buildActionMask = 2147483647;
			files = (
				6CF6670D202AA3D200B1EBC9 /* ViewController.m in Sources */,
				6CF6670A202AA3D200B1EBC9 /* AppDelegate.m in Sources */,
				6CF66707202AA3D200B1EBC9 /* main.m in Sources */,
			);
			runOnlyForDeploymentPostprocessing = 0;
		};
		6CF66717202AA3D200B1EBC9 /* Sources */ = {
			isa = PBXSourcesBuildPhase;
			buildActionMask = 2147483647;
			files = (
				6CF66720202AA3D200B1EBC9 /* RandomdrawTests.m in Sources */,
			);
			runOnlyForDeploymentPostprocessing = 0;
		};
		6CF66722202AA3D200B1EBC9 /* Sources */ = {
			isa = PBXSourcesBuildPhase;
			buildActionMask = 2147483647;
			files = (
				6CF6672B202AA3D200B1EBC9 /* RandomdrawUITests.m in Sources */,
			);
			runOnlyForDeploymentPostprocessing = 0;
		};
/* End PBXSourcesBuildPhase section */

/* Begin PBXTargetDependency section */
		6CF6671D202AA3D200B1EBC9 /* PBXTargetDependency */ = {
			isa = PBXTargetDependency;
			target = 6CF66701202AA3D200B1EBC9 /* Randomdraw */;
			targetProxy = 6CF6671C202AA3D200B1EBC9 /* PBXContainerItemProxy */;
		};
		6CF66728202AA3D200B1EBC9 /* PBXTargetDependency */ = {
			isa = PBXTargetDependency;
			target = 6CF66701202AA3D200B1EBC9 /* Randomdraw */;
			targetProxy = 6CF66727202AA3D200B1EBC9 /* PBXContainerItemProxy */;
		};
/* End PBXTargetDependency section */

/* Begin PBXVariantGroup section */
		6CF6670E202AA3D200B1EBC9 /* Main.storyboard */ = {
			isa = PBXVariantGroup;
			children = (
				6CF6670F202AA3D200B1EBC9 /* Base */,
			);
			name = Main.storyboard;
			sourceTree = "<group>";
		};
		6CF66713202AA3D200B1EBC9 /* LaunchScreen.storyboard */ = {
			isa = PBXVariantGroup;
			children = (
				6CF66714202AA3D200B1EBC9 /* Base */,
			);
			name = LaunchScreen.storyboard;
			sourceTree = "<group>";
		};
/* End PBXVariantGroup section */

/* Begin XCBuildConfiguration section */
		6CF6672D202AA3D200B1EBC9 /* Debug */ = {
			isa = XCBuildConfiguration;
			buildSettings = {
				ALWAYS_SEARCH_USER_PATHS = NO;
				CLANG_ANALYZER_NONNULL = YES;
				CLANG_ANALYZER_NUMBER_OBJECT_CONVERSION = YES_AGGRESSIVE;
				CLANG_CXX_LANGUAGE_STANDARD = "gnu++0x";
				CLANG_CXX_LIBRARY = "libc++";
				CLANG_ENABLE_MODULES = YES;
				CLANG_ENABLE_OBJC_ARC = YES;
				CLANG_WARN_BOOL_CONVERSION = YES;
				CLANG_WARN_CONSTANT_CONVERSION = YES;
				CLANG_WARN_DIRECT_OBJC_ISA_USAGE = YES_ERROR;
				CLANG_WARN_DOCUMENTATION_COMMENTS = YES;
				CLANG_WARN_EMPTY_BODY = YES;
				CLANG_WARN_ENUM_CONVERSION = YES;
				CLANG_WARN_INFINITE_RECURSION = YES;
				CLANG_WARN_INT_CONVERSION = YES;
				CLANG_WARN_OBJC_ROOT_CLASS = YES_ERROR;
				CLANG_WARN_SUSPICIOUS_MOVE = YES;
				CLANG_WARN_UNREACHABLE_CODE = YES;
				CLANG_WARN__DUPLICATE_METHOD_MATCH = YES;
				"CODE_SIGN_IDENTITY[sdk=iphoneos*]" = "iPhone Developer";
				COPY_PHASE_STRIP = NO;
				DEBUG_INFORMATION_FORMAT = dwarf;
				ENABLE_STRICT_OBJC_MSGSEND = YES;
				ENABLE_TESTABILITY = YES;
				GCC_C_LANGUAGE_STANDARD = gnu99;
				GCC_DYNAMIC_NO_PIC = NO;
				GCC_NO_COMMON_BLOCKS = YES;
				GCC_OPTIMIZATION_LEVEL = 0;
				GCC_PREPROCESSOR_DEFINITIONS = (
					"DEBUG=1",
					"$(inherited)",
				);
				GCC_WARN_64_TO_32_BIT_CONVERSION = YES;
				GCC_WARN_ABOUT_RETURN_TYPE = YES_ERROR;
				GCC_WARN_UNDECLARED_SELECTOR = YES;
				GCC_WARN_UNINITIALIZED_AUTOS = YES_AGGRESSIVE;
				GCC_WARN_UNUSED_FUNCTION = YES;
				GCC_WARN_UNUSED_VARIABLE = YES;
				IPHONEOS_DEPLOYMENT_TARGET = 10.3;
				MTL_ENABLE_DEBUG_INFO = YES;
				ONLY_ACTIVE_ARCH = YES;
				SDKROOT = iphoneos;
			};
			name = Debug;
		};
		6CF6672E202AA3D200B1EBC9 /* Release */ = {
			isa = XCBuildConfiguration;
			buildSettings = {
				ALWAYS_SEARCH_USER_PATHS = NO;
				CLANG_ANALYZER_NONNULL = YES;
				CLANG_ANALYZER_NUMBER_OBJECT_CONVERSION = YES_AGGRESSIVE;
				CLANG_CXX_LANGUAGE_STANDARD = "gnu++0x";
				CLANG_CXX_LIBRARY = "libc++";
				CLANG_ENABLE_MODULES = YES;
				CLANG_ENABLE_OBJC_ARC = YES;
				CLANG_WARN_BOOL_CONVERSION = YES;
				CLANG_WARN_CONSTANT_CONVERSION = YES;
				CLANG_WARN_DIRECT_OBJC_ISA_USAGE = YES_ERROR;
				CLANG_WARN_DOCUMENTATION_COMMENTS = YES;
				CLANG_WARN_EMPTY_BODY = YES;
				CLANG_WARN_ENUM_CONVERSION = YES;
				CLANG_WARN_INFINITE_RECURSION = YES;
				CLANG_WARN_INT_CONVERSION = YES;
				CLANG_WARN_OBJC_ROOT_CLASS = YES_ERROR;
				CLANG_WARN_SUSPICIOUS_MOVE = YES;
				CLANG_WARN_UNREACHABLE_CODE = YES;
				CLANG_WARN__DUPLICATE_METHOD_MATCH = YES;
				"CODE_SIGN_IDENTITY[sdk=iphoneos*]" = "iPhone Developer";
				COPY_PHASE_STRIP = NO;
				DEBUG_INFORMATION_FORMAT = "dwarf-with-dsym";
				ENABLE_NS_ASSERTIONS = NO;
				ENABLE_STRICT_OBJC_MSGSEND = YES;
				GCC_C_LANGUAGE_STANDARD = gnu99;
				GCC_NO_COMMON_BLOCKS = YES;
				GCC_WARN_64_TO_32_BIT_CONVERSION = YES;
				GCC_WARN_ABOUT_RETURN_TYPE = YES_ERROR;
				GCC_WARN_UNDECLARED_SELECTOR = YES;
				GCC_WARN_UNINITIALIZED_AUTOS = YES_AGGRESSIVE;
				GCC_WARN_UNUSED_FUNCTION = YES;
				GCC_WARN_UNUSED_VARIABLE = YES;
				IPHONEOS_DEPLOYMENT_TARGET = 10.3;
				MTL_ENABLE_DEBUG_INFO = NO;
				SDKROOT = iphoneos;
				VALIDATE_PRODUCT = YES;
			};
			name = Release;
		};
		6CF66730202AA3D200B1EBC9 /* Debug */ = {
			isa = XCBuildConfiguration;
			baseConfigurationReference = AFFD8AB556BCA2258162F950 /* Pods-Randomdraw.debug.xcconfig */;
			buildSettings = {
				ASSETCATALOG_COMPILER_APPICON_NAME = AppIcon;
				DEVELOPMENT_TEAM = FUM9FP898F;
				INFOPLIST_FILE = Randomdraw/Info.plist;
				LD_RUNPATH_SEARCH_PATHS = "$(inherited) @executable_path/Frameworks";
				PRODUCT_BUNDLE_IDENTIFIER = com.mandb.chirs.Randomdraw;
				PRODUCT_NAME = "$(TARGET_NAME)";
			};
			name = Debug;
		};
		6CF66731202AA3D200B1EBC9 /* Release */ = {
			isa = XCBuildConfiguration;
			baseConfigurationReference = C01856F88E074CD74B3A0E26 /* Pods-Randomdraw.release.xcconfig */;
			buildSettings = {
				ASSETCATALOG_COMPILER_APPICON_NAME = AppIcon;
				DEVELOPMENT_TEAM = FUM9FP898F;
				INFOPLIST_FILE = Randomdraw/Info.plist;
				LD_RUNPATH_SEARCH_PATHS = "$(inherited) @executable_path/Frameworks";
				PRODUCT_BUNDLE_IDENTIFIER = com.mandb.chirs.Randomdraw;
				PRODUCT_NAME = "$(TARGET_NAME)";
			};
			name = Release;
		};
		6CF66733202AA3D200B1EBC9 /* Debug */ = {
			isa = XCBuildConfiguration;
			baseConfigurationReference = 8699B267AD9669F3F11C967E /* Pods-RandomdrawTests.debug.xcconfig */;
			buildSettings = {
				BUNDLE_LOADER = "$(TEST_HOST)";
				INFOPLIST_FILE = RandomdrawTests/Info.plist;
				LD_RUNPATH_SEARCH_PATHS = "$(inherited) @executable_path/Frameworks @loader_path/Frameworks";
				PRODUCT_BUNDLE_IDENTIFIER = com.mandb.chirs.RandomdrawTests;
				PRODUCT_NAME = "$(TARGET_NAME)";
				TEST_HOST = "$(BUILT_PRODUCTS_DIR)/Randomdraw.app/Randomdraw";
			};
			name = Debug;
		};
		6CF66734202AA3D200B1EBC9 /* Release */ = {
			isa = XCBuildConfiguration;
			baseConfigurationReference = E82E50846D7CEA533C12ABE0 /* Pods-RandomdrawTests.release.xcconfig */;
			buildSettings = {
				BUNDLE_LOADER = "$(TEST_HOST)";
				INFOPLIST_FILE = RandomdrawTests/Info.plist;
				LD_RUNPATH_SEARCH_PATHS = "$(inherited) @executable_path/Frameworks @loader_path/Frameworks";
				PRODUCT_BUNDLE_IDENTIFIER = com.mandb.chirs.RandomdrawTests;
				PRODUCT_NAME = "$(TARGET_NAME)";
				TEST_HOST = "$(BUILT_PRODUCTS_DIR)/Randomdraw.app/Randomdraw";
			};
			name = Release;
		};
		6CF66736202AA3D200B1EBC9 /* Debug */ = {
			isa = XCBuildConfiguration;
			baseConfigurationReference = 42A8418FF6219A93EBA11FE0 /* Pods-RandomdrawUITests.debug.xcconfig */;
			buildSettings = {
				INFOPLIST_FILE = RandomdrawUITests/Info.plist;
				LD_RUNPATH_SEARCH_PATHS = "$(inherited) @executable_path/Frameworks @loader_path/Frameworks";
				PRODUCT_BUNDLE_IDENTIFIER = com.mandb.chirs.RandomdrawUITests;
				PRODUCT_NAME = "$(TARGET_NAME)";
				TEST_TARGET_NAME = Randomdraw;
			};
			name = Debug;
		};
		6CF66737202AA3D200B1EBC9 /* Release */ = {
			isa = XCBuildConfiguration;
			baseConfigurationReference = FACAEBF3549D43EF6CB04CE3 /* Pods-RandomdrawUITests.release.xcconfig */;
			buildSettings = {
				INFOPLIST_FILE = RandomdrawUITests/Info.plist;
				LD_RUNPATH_SEARCH_PATHS = "$(inherited) @executable_path/Frameworks @loader_path/Frameworks";
				PRODUCT_BUNDLE_IDENTIFIER = com.mandb.chirs.RandomdrawUITests;
				PRODUCT_NAME = "$(TARGET_NAME)";
				TEST_TARGET_NAME = Randomdraw;
			};
			name = Release;
		};
/* End XCBuildConfiguration section */

/* Begin XCConfigurationList section */
		6CF666FD202AA3D200B1EBC9 /* Build configuration list for PBXProject "Randomdraw" */ = {
			isa = XCConfigurationList;
			buildConfigurations = (
				6CF6672D202AA3D200B1EBC9 /* Debug */,
				6CF6672E202AA3D200B1EBC9 /* Release */,
			);
			defaultConfigurationIsVisible = 0;
			defaultConfigurationName = Release;
		};
		6CF6672F202AA3D200B1EBC9 /* Build configuration list for PBXNativeTarget "Randomdraw" */ = {
			isa = XCConfigurationList;
			buildConfigurations = (
				6CF66730202AA3D200B1EBC9 /* Debug */,
				6CF66731202AA3D200B1EBC9 /* Release */,
			);
			defaultConfigurationIsVisible = 0;
			defaultConfigurationName = Release;
		};
		6CF66732202AA3D200B1EBC9 /* Build configuration list for PBXNativeTarget "RandomdrawTests" */ = {
			isa = XCConfigurationList;
			buildConfigurations = (
				6CF66733202AA3D200B1EBC9 /* Debug */,
				6CF66734202AA3D200B1EBC9 /* Release */,
			);
			defaultConfigurationIsVisible = 0;
			defaultConfigurationName = Release;
		};
		6CF66735202AA3D200B1EBC9 /* Build configuration list for PBXNativeTarget "RandomdrawUITests" */ = {
			isa = XCConfigurationList;
			buildConfigurations = (
				6CF66736202AA3D200B1EBC9 /* Debug */,
				6CF66737202AA3D200B1EBC9 /* Release */,
			);
			defaultConfigurationIsVisible = 0;
			defaultConfigurationName = Release;
		};
/* End XCConfigurationList section */
	};
	rootObject = 6CF666FA202AA3D200B1EBC9 /* Project object */;
}
